# This file is automatically @generated by Cargo.
# It is not intended for manual editing.
version = 3

[[package]]
name = "ruspiro-arch-aarch64"
version = "0.1.6"
dependencies = [
 "ruspiro-register",
]

[[package]]
name = "ruspiro-register"
version = "0.5.4"
source = "git+https://github.com/RusPiRo/ruspiro-register.git?branch=development#455ccee004af3c0b13136fd993277d13c6ac8949"
